dependencies:
- name: minio
  repository: oci://registry-1.docker.io/bitnamicharts
  version: 12.13.2
- name: postgresql
  repository: file://charts/postgresql
  version: 13.2.28
- name: common
  repository: oci://registry-1.docker.io/bitnamicharts
  version: 2.14.1
digest: sha256:289c82ab8311e6ba2d4a94c6e8ac408e1bf6b3439c2c0d8ce625835929387913
generated: "2024-02-06T10:55:59.110889+02:00"
